
Microsoft Visual Studio Solution File, Format Version 12.00
# Visual Studio 15
VisualStudioVersion = 15.0.28307.572
MinimumVisualStudioVersion = 10.0.40219.1
Project("{2150E333-8FDC-42A3-9474-1A3956D46DE8}") = "Solution Items", "Solution Items", "{8D5BD354-B879-496D-B4FA-89FA2EFB2EE0}"
	ProjectSection(SolutionItems) = preProject
		.editorconfig = .editorconfig
	EndProjectSection
EndProject
Project("{FAE04EC0-301F-11D3-BF4B-00C04F79EFBC}") = "Purkki.MediatorCacheExample.Database", "Purkki.MediatorCacheExample.Database\Purkki.MediatorCacheExample.Database.csproj", "{10FFAA1D-7825-4438-B653-4B0EC0DFE4ED}"
EndProject
Project("{FAE04EC0-301F-11D3-BF4B-00C04F79EFBC}") = "Purkki.MediatorCacheExample.Application", "Purkki.MediatorCacheExample.Application\Purkki.MediatorCacheExample.Application.csproj", "{20BC0B69-5492-423D-8A2E-05B0A66A240C}"
EndProject
Global
	GlobalSection(SolutionConfigurationPlatforms) = preSolution
		Debug|Any CPU = Debug|Any CPU
		Release|Any CPU = Release|Any CPU
	EndGlobalSection
	GlobalSection(ProjectConfigurationPlatforms) = postSolution
		{10FFAA1D-7825-4438-B653-4B0EC0DFE4ED}.Debug|Any CPU.ActiveCfg = Debug|Any CPU
		{10FFAA1D-7825-4438-B653-4B0EC0DFE4ED}.Debug|Any CPU.Build.0 = Debug|Any CPU
		{10FFAA1D-7825-4438-B653-4B0EC0DFE4ED}.Release|Any CPU.ActiveCfg = Release|Any CPU
		{10FFAA1D-7825-4438-B653-4B0EC0DFE4ED}.Release|Any CPU.Build.0 = Release|Any CPU
		{20BC0B69-5492-423D-8A2E-05B0A66A240C}.Debug|Any CPU.ActiveCfg = Debug|Any CPU
		{20BC0B69-5492-423D-8A2E-05B0A66A240C}.Debug|Any CPU.Build.0 = Debug|Any CPU
		{20BC0B69-5492-423D-8A2E-05B0A66A240C}.Release|Any CPU.ActiveCfg = Release|Any CPU
		{20BC0B69-5492-423D-8A2E-05B0A66A240C}.Release|Any CPU.Build.0 = Release|Any CPU
	EndGlobalSection
	GlobalSection(SolutionProperties) = preSolution
		HideSolutionNode = FALSE
	EndGlobalSection
	GlobalSection(ExtensibilityGlobals) = postSolution
		SolutionGuid = {4A2D4719-1CF8-44C6-9C8D-DB12C94A4152}
	EndGlobalSection
EndGlobal
